
Microsoft Visual Studio Solution File, Format Version 12.00
# Visual Studio Version 16
VisualStudioVersion = 16.0.31321.278
MinimumVisualStudioVersion = 10.0.40219.1
Project("{9A19103F-16F7-4668-BE54-9A1E7A4F7556}") = "MovieProject", "MovieProject\MovieProject.csproj", "{8FE0FFFD-FCB3-4376-A556-6C677D14770D}"
EndProject
Project("{9A19103F-16F7-4668-BE54-9A1E7A4F7556}") = "ApplicationCore", "ApplicationCore\ApplicationCore.csproj", "{42ACE80A-6505-4190-85EB-4A319AF5AB3B}"
EndProject
Project("{9A19103F-16F7-4668-BE54-9A1E7A4F7556}") = "Infrastructure", "Infrastructure\Infrastructure.csproj", "{74763726-710D-48F7-9FB1-0F42C745667B}"
EndProject
Project("{FAE04EC0-301F-11D3-BF4B-00C04F79EFBC}") = "MovieShopAPI", "MovieShopAPI\MovieShopAPI.csproj", "{4FED2BAE-E27A-47BE-86F5-184B0FA6FE1F}"
EndProject
Global
	GlobalSection(SolutionConfigurationPlatforms) = preSolution
		Debug|Any CPU = Debug|Any CPU
		Release|Any CPU = Release|Any CPU
	EndGlobalSection
	GlobalSection(ProjectConfigurationPlatforms) = postSolution
		{8FE0FFFD-FCB3-4376-A556-6C677D14770D}.Debug|Any CPU.ActiveCfg = Debug|Any CPU
		{8FE0FFFD-FCB3-4376-A556-6C677D14770D}.Debug|Any CPU.Build.0 = Debug|Any CPU
		{8FE0FFFD-FCB3-4376-A556-6C677D14770D}.Release|Any CPU.ActiveCfg = Release|Any CPU
		{8FE0FFFD-FCB3-4376-A556-6C677D14770D}.Release|Any CPU.Build.0 = Release|Any CPU
		{42ACE80A-6505-4190-85EB-4A319AF5AB3B}.Debug|Any CPU.ActiveCfg = Debug|Any CPU
		{42ACE80A-6505-4190-85EB-4A319AF5AB3B}.Debug|Any CPU.Build.0 = Debug|Any CPU
		{42ACE80A-6505-4190-85EB-4A319AF5AB3B}.Release|Any CPU.ActiveCfg = Release|Any CPU
		{42ACE80A-6505-4190-85EB-4A319AF5AB3B}.Release|Any CPU.Build.0 = Release|Any CPU
		{74763726-710D-48F7-9FB1-0F42C745667B}.Debug|Any CPU.ActiveCfg = Debug|Any CPU
		{74763726-710D-48F7-9FB1-0F42C745667B}.Debug|Any CPU.Build.0 = Debug|Any CPU
		{74763726-710D-48F7-9FB1-0F42C745667B}.Release|Any CPU.ActiveCfg = Release|Any CPU
		{74763726-710D-48F7-9FB1-0F42C745667B}.Release|Any CPU.Build.0 = Release|Any CPU
		{4FED2BAE-E27A-47BE-86F5-184B0FA6FE1F}.Debug|Any CPU.ActiveCfg = Debug|Any CPU
		{4FED2BAE-E27A-47BE-86F5-184B0FA6FE1F}.Debug|Any CPU.Build.0 = Debug|Any CPU
		{4FED2BAE-E27A-47BE-86F5-184B0FA6FE1F}.Release|Any CPU.ActiveCfg = Release|Any CPU
		{4FED2BAE-E27A-47BE-86F5-184B0FA6FE1F}.Release|Any CPU.Build.0 = Release|Any CPU
	EndGlobalSection
	GlobalSection(SolutionProperties) = preSolution
		HideSolutionNode = FALSE
	EndGlobalSection
	GlobalSection(ExtensibilityGlobals) = postSolution
		SolutionGuid = {586491A2-5829-4C91-8207-A82960AE6B71}
	EndGlobalSection
EndGlobal
